
Microsoft Visual Studio Solution File, Format Version 12.00
# Visual Studio 15
VisualStudioVersion = 15.0.28307.779
MinimumVisualStudioVersion = 10.0.40219.1
Project("{FAE04EC0-301F-11D3-BF4B-00C04F79EFBC}") = "DoctorOnlineBooking", "DoctorOnlineBooking\DoctorOnlineBooking.csproj", "{81C41FB0-0CC7-4AAF-9C7E-E5CF645B2DAD}"
EndProject
Project("{FAE04EC0-301F-11D3-BF4B-00C04F79EFBC}") = "DoctorOnlineBooking.Tests", "DoctorOnlineBooking.Tests\DoctorOnlineBooking.Tests.csproj", "{7359BF58-8455-42F9-A795-ADBD217FAEAE}"
EndProject
Global
	GlobalSection(SolutionConfigurationPlatforms) = preSolution
		Debug|Any CPU = Debug|Any CPU
		Release|Any CPU = Release|Any CPU
	EndGlobalSection
	GlobalSection(ProjectConfigurationPlatforms) = postSolution
		{81C41FB0-0CC7-4AAF-9C7E-E5CF645B2DAD}.Debug|Any CPU.ActiveCfg = Debug|Any CPU
		{81C41FB0-0CC7-4AAF-9C7E-E5CF645B2DAD}.Debug|Any CPU.Build.0 = Debug|Any CPU
		{81C41FB0-0CC7-4AAF-9C7E-E5CF645B2DAD}.Release|Any CPU.ActiveCfg = Release|Any CPU
		{81C41FB0-0CC7-4AAF-9C7E-E5CF645B2DAD}.Release|Any CPU.Build.0 = Release|Any CPU
		{7359BF58-8455-42F9-A795-ADBD217FAEAE}.Debug|Any CPU.ActiveCfg = Debug|Any CPU
		{7359BF58-8455-42F9-A795-ADBD217FAEAE}.Debug|Any CPU.Build.0 = Debug|Any CPU
		{7359BF58-8455-42F9-A795-ADBD217FAEAE}.Release|Any CPU.ActiveCfg = Release|Any CPU
		{7359BF58-8455-42F9-A795-ADBD217FAEAE}.Release|Any CPU.Build.0 = Release|Any CPU
	EndGlobalSection
	GlobalSection(SolutionProperties) = preSolution
		HideSolutionNode = FALSE
	EndGlobalSection
	GlobalSection(ExtensibilityGlobals) = postSolution
		SolutionGuid = {F67CE962-9174-44BC-BF7B-E6897A7009DC}
	EndGlobalSection
EndGlobal
